PODS:
  - Bugly (2.5.0)
  - connectivity (0.0.1):
    - Flutter
    - Reachability
  - Flutter (1.0.0)
  - flutter_bugly (0.0.1):
    - Bugly
    - Flutter
  - MMKV (1.0.23)
  - mmkv_flutter (0.0.1):
    - Flutter
    - MMKV
  - package_info (0.0.1):
    - Flutter
  - Reachability (3.2)

DEPENDENCIES:
  - connectivity (from `.symlinks/plugins/connectivity/ios`)
  - Flutter (from `.symlinks/flutter/ios`)
  - flutter_bugly (from `.symlinks/plugins/flutter_bugly/ios`)
  - mmkv_flutter (from `.symlinks/plugins/mmkv_flutter/ios`)
  - package_info (from `.symlinks/plugins/package_info/ios`)

SPEC REPOS:
  trunk:
    - Bugly
    - MMKV
    - Reachability

EXTERNAL SOURCES:
  connectivity:
    :path: ".symlinks/plugins/connectivity/ios"
  Flutter:
    :path: ".symlinks/flutter/ios"
  flutter_bugly:
    :path: ".symlinks/plugins/flutter_bugly/ios"
  mmkv_flutter:
    :path: ".symlinks/plugins/mmkv_flutter/ios"
  package_info:
    :path: ".symlinks/plugins/package_info/ios"

SPEC CHECKSUMS:
  Bugly: 3ca9f255c01025582df26f9222893b383c7e4b4e
  connectivity: 6e94255659cc86dcbef1d452ad3e0491bb1b3e75
  Flutter: 0e3d915762c693b495b44d77113d4970485de6ec
  flutter_bugly: c9800f4d5bc5bdc27ffdde3417a26ba44266e0c3
  MMKV: 031ae51aedc0af1b250922f7ed8a6b6ee2f94c4c
  mmkv_flutter: 511886651aef2c8e65402030d6517602776e8681
  package_info: 48b108e75b8802c2d5e126f208ef540561c98aef
  Reachability: 33e18b67625424e47b6cde6d202dce689ad7af96

PODFILE CHECKSUM: beceac42db6f3d5fa1150858b085605414038003

COCOAPODS: 1.8.0
